// !$*UTF8*$!
{
	archiveVersion = 1;
	classes = {
	};
	objectVersion = 50;
	objects = {

/* Begin PBXBuildFile section */
		2C9201D0215D5E3D0096E25A /* AppDelegate.swift in Sources */ = {isa = PBXBuildFile; fileRef = 2C9201CF215D5E3D0096E25A /* AppDelegate.swift */; };
		2C9201D2215D5E3D0096E25A /* ViewController.swift in Sources */ = {isa = PBXBuildFile; fileRef = 2C9201D1215D5E3D0096E25A /* ViewController.swift */; };
		2C9201D5215D5E3D0096E25A /* Main.storyboard in Resources */ = {isa = PBXBuildFile; fileRef = 2C9201D3215D5E3D0096E25A /* Main.storyboard */; };
		2C9201D7215D5E3E0096E25A /* Assets.xcassets in Resources */ = {isa = PBXBuildFile; fileRef = 2C9201D6215D5E3E0096E25A /* Assets.xcassets */; };
		2C9201DA215D5E3E0096E25A /* LaunchScreen.storyboard in Resources */ = {isa = PBXBuildFile; fileRef = 2C9201D8215D5E3E0096E25A /* LaunchScreen.storyboard */; };
		2C9201F1215D5EB00096E25A /* 0.png in Resources */ = {isa = PBXBuildFile; fileRef = 2C9201E1215D5EAD0096E25A /* 0.png */; };
		2C9201F2215D5EB00096E25A /* 7.png in Resources */ = {isa = PBXBuildFile; fileRef = 2C9201E2215D5EAD0096E25A /* 7.png */; };
		2C9201F3215D5EB00096E25A /* +:-.png in Resources */ = {isa = PBXBuildFile; fileRef = 2C9201E3215D5EAD0096E25A /* +:-.png */; };
		2C9201F4215D5EB00096E25A /* 4.png in Resources */ = {isa = PBXBuildFile; fileRef = 2C9201E4215D5EAD0096E25A /* 4.png */; };
		2C9201F5215D5EB00096E25A /* 5.png in Resources */ = {isa = PBXBuildFile; fileRef = 2C9201E5215D5EAD0096E25A /* 5.png */; };
		2C9201F6215D5EB00096E25A /* 2.png in Resources */ = {isa = PBXBuildFile; fileRef = 2C9201E6215D5EAE0096E25A /* 2.png */; };
		2C9201F7215D5EB00096E25A /* c.png in Resources */ = {isa = PBXBuildFile; fileRef = 2C9201E7215D5EAE0096E25A /* c.png */; };
		2C9201F8215D5EB00096E25A /* 8.png in Resources */ = {isa = PBXBuildFile; fileRef = 2C9201E8215D5EAE0096E25A /* 8.png */; };
		2C9201F9215D5EB00096E25A /* 6.png in Resources */ = {isa = PBXBuildFile; fileRef = 2C9201E9215D5EAE0096E25A /* 6.png */; };
		2C9201FA215D5EB00096E25A /* 1.png in Resources */ = {isa = PBXBuildFile; fileRef = 2C9201EA215D5EAE0096E25A /* 1.png */; };
		2C9201FB215D5EB00096E25A /* =.png in Resources */ = {isa = PBXBuildFile; fileRef = 2C9201EB215D5EAF0096E25A /* =.png */; };
		2C9201FC215D5EB00096E25A /* 3.png in Resources */ = {isa = PBXBuildFile; fileRef = 2C9201EC215D5EAF0096E25A /* 3.png */; };
		2C9201FD215D5EB00096E25A /* +.png in Resources */ = {isa = PBXBuildFile; fileRef = 2C9201ED215D5EAF0096E25A /* +.png */; };
		2C9201FE215D5EB00096E25A /* -.png in Resources */ = {isa = PBXBuildFile; fileRef = 2C9201EE215D5EAF0096E25A /* -.png */; };
		2C9201FF215D5EB00096E25A /* 9.png in Resources */ = {isa = PBXBuildFile; fileRef = 2C9201EF215D5EB00096E25A /* 9.png */; };
		2C920204215D5ECF0096E25A /* dot.png in Resources */ = {isa = PBXBuildFile; fileRef = 2C920201215D5ECE0096E25A /* dot.png */; };
		2C920205215D5ECF0096E25A /* x.png in Resources */ = {isa = PBXBuildFile; fileRef = 2C920202215D5ECE0096E25A /* x.png */; };
		2C920206215D5ECF0096E25A /* devide.png in Resources */ = {isa = PBXBuildFile; fileRef = 2C920203215D5ECF0096E25A /* devide.png */; };
		2C92020A215D72A70096E25A /* mod.png in Resources */ = {isa = PBXBuildFile; fileRef = 2C920209215D72A70096E25A /* mod.png */; };
		2CA19597215DA16D00EA09B9 /* appIcon.png in Resources */ = {isa = PBXBuildFile; fileRef = 2CA19596215DA16D00EA09B9 /* appIcon.png */; };
/* End PBXBuildFile section */

/* Begin PBXFileReference section */
		2C9201CC215D5E3D0096E25A /* Calculator..app */ = {isa = PBXFileReference; explicitFileType = wrapper.application; includeInIndex = 0; path = Calculator..app; sourceTree = BUILT_PRODUCTS_DIR; };
		2C9201CF215D5E3D0096E25A /* AppDelegate.swift */ = {isa = PBXFileReference; lastKnownFileType = sourcecode.swift; path = AppDelegate.swift; sourceTree = "<group>"; };
		2C9201D1215D5E3D0096E25A /* ViewController.swift */ = {isa = PBXFileReference; lastKnownFileType = sourcecode.swift; path = ViewController.swift; sourceTree = "<group>"; };
		2C9201D4215D5E3D0096E25A /* Base */ = {isa = PBXFileReference; lastKnownFileType = file.storyboard; name = Base; path = Base.lproj/Main.storyboard; sourceTree = "<group>"; };
		2C9201D6215D5E3E0096E25A /* Assets.xcassets */ = {isa = PBXFileReference; lastKnownFileType = folder.assetcatalog; path = Assets.xcassets; sourceTree = "<group>"; };
		2C9201D9215D5E3E0096E25A /* Base */ = {isa = PBXFileReference; lastKnownFileType = file.storyboard; name = Base; path = Base.lproj/LaunchScreen.storyboard; sourceTree = "<group>"; };
		2C9201DB215D5E3E0096E25A /* Info.plist */ = {isa = PBXFileReference; lastKnownFileType = text.plist.xml; path = Info.plist; sourceTree = "<group>"; };
		2C9201E1215D5EAD0096E25A /* 0.png */ = {isa = PBXFileReference; lastKnownFileType = image.png; path = 0.png; sourceTree = "<group>"; };
		2C9201E2215D5EAD0096E25A /* 7.png */ = {isa = PBXFileReference; lastKnownFileType = image.png; path = 7.png; sourceTree = "<group>"; };
		2C9201E3215D5EAD0096E25A /* +:-.png */ = {isa = PBXFileReference; lastKnownFileType = image.png; path = "+:-.png"; sourceTree = "<group>"; };
		2C9201E4215D5EAD0096E25A /* 4.png */ = {isa = PBXFileReference; lastKnownFileType = image.png; path = 4.png; sourceTree = "<group>"; };
		2C9201E5215D5EAD0096E25A /* 5.png */ = {isa = PBXFileReference; lastKnownFileType = image.png; path = 5.png; sourceTree = "<group>"; };
		2C9201E6215D5EAE0096E25A /* 2.png */ = {isa = PBXFileReference; lastKnownFileType = image.png; path = 2.png; sourceTree = "<group>"; };
		2C9201E7215D5EAE0096E25A /* c.png */ = {isa = PBXFileReference; lastKnownFileType = image.png; path = c.png; sourceTree = "<group>"; };
		2C9201E8215D5EAE0096E25A /* 8.png */ = {isa = PBXFileReference; lastKnownFileType = image.png; path = 8.png; sourceTree = "<group>"; };
		2C9201E9215D5EAE0096E25A /* 6.png */ = {isa = PBXFileReference; lastKnownFileType = image.png; path = 6.png; sourceTree = "<group>"; };
		2C9201EA215D5EAE0096E25A /* 1.png */ = {isa = PBXFileReference; lastKnownFileType = image.png; path = 1.png; sourceTree = "<group>"; };
		2C9201EB215D5EAF0096E25A /* =.png */ = {isa = PBXFileReference; lastKnownFileType = image.png; path = "=.png"; sourceTree = "<group>"; };
		2C9201EC215D5EAF0096E25A /* 3.png */ = {isa = PBXFileReference; lastKnownFileType = image.png; path = 3.png; sourceTree = "<group>"; };
		2C9201ED215D5EAF0096E25A /* +.png */ = {isa = PBXFileReference; lastKnownFileType = image.png; path = "+.png"; sourceTree = "<group>"; };
		2C9201EE215D5EAF0096E25A /* -.png */ = {isa = PBXFileReference; lastKnownFileType = image.png; path = "-.png"; sourceTree = "<group>"; };
		2C9201EF215D5EB00096E25A /* 9.png */ = {isa = PBXFileReference; lastKnownFileType = image.png; path = 9.png; sourceTree = "<group>"; };
		2C920201215D5ECE0096E25A /* dot.png */ = {isa = PBXFileReference; lastKnownFileType = image.png; path = dot.png; sourceTree = "<group>"; };
		2C920202215D5ECE0096E25A /* x.png */ = {isa = PBXFileReference; lastKnownFileType = image.png; path = x.png; sourceTree = "<group>"; };
		2C920203215D5ECF0096E25A /* devide.png */ = {isa = PBXFileReference; lastKnownFileType = image.png; path = devide.png; sourceTree = "<group>"; };
		2C920209215D72A70096E25A /* mod.png */ = {isa = PBXFileReference; lastKnownFileType = image.png; path = mod.png; sourceTree = "<group>"; };
		2CA19596215DA16D00EA09B9 /* appIcon.png */ = {isa = PBXFileReference; lastKnownFileType = image.png; name = appIcon.png; path = Assets.xcassets/appIcon.png; sourceTree = "<group>"; };
		2CA195F3215DAC0000EA09B9 /* App - Splash Screen1.png */ = {isa = PBXFileReference; lastKnownFileType = image.png; path = "App - Splash Screen1.png"; sourceTree = "<group>"; };
/* End PBXFileReference section */

/* Begin PBXFrameworksBuildPhase section */
		2C9201C9215D5E3D0096E25A /* Frameworks */ = {
			isa = PBXFrameworksBuildPhase;
			buildActionMask = 2147483647;
			files = (
			);
			runOnlyForDeploymentPostprocessing = 0;
		};
/* End PBXFrameworksBuildPhase section */

/* Begin PBXGroup section */
		2C9201C3215D5E3D0096E25A = {
			isa = PBXGroup;
			children = (
				2C9201CE215D5E3D0096E25A /* Calculator. */,
				2C9201CD215D5E3D0096E25A /* Products */,
			);
			sourceTree = "<group>";
		};
		2C9201CD215D5E3D0096E25A /* Products */ = {
			isa = PBXGroup;
			children = (
				2C9201CC215D5E3D0096E25A /* Calculator..app */,
			);
			name = Products;
			sourceTree = "<group>";
		};
		2C9201CE215D5E3D0096E25A /* Calculator. */ = {
			isa = PBXGroup;
			children = (
				2CA195F2215DABEB00EA09B9 /* Images */,
				2C9201CF215D5E3D0096E25A /* AppDelegate.swift */,
				2C9201D1215D5E3D0096E25A /* ViewController.swift */,
				2C9201D3215D5E3D0096E25A /* Main.storyboard */,
				2C9201D6215D5E3E0096E25A /* Assets.xcassets */,
				2CA19596215DA16D00EA09B9 /* appIcon.png */,
				2C9201D8215D5E3E0096E25A /* LaunchScreen.storyboard */,
				2C9201DB215D5E3E0096E25A /* Info.plist */,
			);
			path = Calculator.;
			sourceTree = "<group>";
		};
		2CA195F2215DABEB00EA09B9 /* Images */ = {
			isa = PBXGroup;
			children = (
				2CA195F3215DAC0000EA09B9 /* App - Splash Screen1.png */,
				2C920209215D72A70096E25A /* mod.png */,
				2C920203215D5ECF0096E25A /* devide.png */,
				2C920201215D5ECE0096E25A /* dot.png */,
				2C920202215D5ECE0096E25A /* x.png */,
				2C9201EE215D5EAF0096E25A /* -.png */,
				2C9201E3215D5EAD0096E25A /* +:-.png */,
				2C9201ED215D5EAF0096E25A /* +.png */,
				2C9201EB215D5EAF0096E25A /* =.png */,
				2C9201E1215D5EAD0096E25A /* 0.png */,
				2C9201EA215D5EAE0096E25A /* 1.png */,
				2C9201E6215D5EAE0096E25A /* 2.png */,
				2C9201EC215D5EAF0096E25A /* 3.png */,
				2C9201E4215D5EAD0096E25A /* 4.png */,
				2C9201E5215D5EAD0096E25A /* 5.png */,
				2C9201E9215D5EAE0096E25A /* 6.png */,
				2C9201E2215D5EAD0096E25A /* 7.png */,
				2C9201E8215D5EAE0096E25A /* 8.png */,
				2C9201EF215D5EB00096E25A /* 9.png */,
				2C9201E7215D5EAE0096E25A /* c.png */,
			);
			path = Images;
			sourceTree = "<group>";
		};
/* End PBXGroup section */

/* Begin PBXNativeTarget section */
		2C9201CB215D5E3D0096E25A /* Calculator. */ = {
			isa = PBXNativeTarget;
			buildConfigurationList = 2C9201DE215D5E3E0096E25A /* Build configuration list for PBXNativeTarget "Calculator." */;
			buildPhases = (
				2C9201C8215D5E3D0096E25A /* Sources */,
				2C9201C9215D5E3D0096E25A /* Frameworks */,
				2C9201CA215D5E3D0096E25A /* Resources */,
			);
			buildRules = (
			);
			dependencies = (
			);
			name = Calculator.;
			productName = Calculator.;
			productReference = 2C9201CC215D5E3D0096E25A /* Calculator..app */;
			productType = "com.apple.product-type.application";
		};
/* End PBXNativeTarget section */

/* Begin PBXProject section */
		2C9201C4215D5E3D0096E25A /* Project object */ = {
			isa = PBXProject;
			attributes = {
				LastSwiftUpdateCheck = 0940;
				LastUpgradeCheck = 0940;
				ORGANIZATIONNAME = CentennialCollege;
				TargetAttributes = {
					2C9201CB215D5E3D0096E25A = {
						CreatedOnToolsVersion = 9.4.1;
					};
				};
			};
			buildConfigurationList = 2C9201C7215D5E3D0096E25A /* Build configuration list for PBXProject "Calculator." */;
			compatibilityVersion = "Xcode 9.3";
			developmentRegion = en;
			hasScannedForEncodings = 0;
			knownRegions = (
				en,
				Base,
			);
			mainGroup = 2C9201C3215D5E3D0096E25A;
			productRefGroup = 2C9201CD215D5E3D0096E25A /* Products */;
			projectDirPath = "";
			projectRoot = "";
			targets = (
				2C9201CB215D5E3D0096E25A /* Calculator. */,
			);
		};
/* End PBXProject section */

/* Begin PBXResourcesBuildPhase section */
		2C9201CA215D5E3D0096E25A /* Resources */ = {
			isa = PBXResourcesBuildPhase;
			buildActionMask = 2147483647;
			files = (
				2C9201FC215D5EB00096E25A /* 3.png in Resources */,
				2C9201F8215D5EB00096E25A /* 8.png in Resources */,
				2C9201F3215D5EB00096E25A /* +:-.png in Resources */,
				2C9201FF215D5EB00096E25A /* 9.png in Resources */,
				2C9201FD215D5EB00096E25A /* +.png in Resources */,
				2C9201F4215D5EB00096E25A /* 4.png in Resources */,
				2C9201F1215D5EB00096E25A /* 0.png in Resources */,
				2C9201DA215D5E3E0096E25A /* LaunchScreen.storyboard in Resources */,
				2CA19597215DA16D00EA09B9 /* appIcon.png in Resources */,
				2C92020A215D72A70096E25A /* mod.png in Resources */,
				2C920205215D5ECF0096E25A /* x.png in Resources */,
				2C9201FA215D5EB00096E25A /* 1.png in Resources */,
				2C9201F2215D5EB00096E25A /* 7.png in Resources */,
				2C920206215D5ECF0096E25A /* devide.png in Resources */,
				2C9201FB215D5EB00096E25A /* =.png in Resources */,
				2C9201F9215D5EB00096E25A /* 6.png in Resources */,
				2C920204215D5ECF0096E25A /* dot.png in Resources */,
				2C9201F5215D5EB00096E25A /* 5.png in Resources */,
				2C9201F6215D5EB00096E25A /* 2.png in Resources */,
				2C9201D7215D5E3E0096E25A /* Assets.xcassets in Resources */,
				2C9201FE215D5EB00096E25A /* -.png in Resources */,
				2C9201D5215D5E3D0096E25A /* Main.storyboard in Resources */,
				2C9201F7215D5EB00096E25A /* c.png in Resources */,
			);
			runOnlyForDeploymentPostprocessing = 0;
		};
/* End PBXResourcesBuildPhase section */

/* Begin PBXSourcesBuildPhase section */
		2C9201C8215D5E3D0096E25A /* Sources */ = {
			isa = PBXSourcesBuildPhase;
			buildActionMask = 2147483647;
			files = (
				2C9201D2215D5E3D0096E25A /* ViewController.swift in Sources */,
				2C9201D0215D5E3D0096E25A /* AppDelegate.swift in Sources */,
			);
			runOnlyForDeploymentPostprocessing = 0;
		};
/* End PBXSourcesBuildPhase section */

/* Begin PBXVariantGroup section */
		2C9201D3215D5E3D0096E25A /* Main.storyboard */ = {
			isa = PBXVariantGroup;
			children = (
				2C9201D4215D5E3D0096E25A /* Base */,
			);
			name = Main.storyboard;
			sourceTree = "<group>";
		};
		2C9201D8215D5E3E0096E25A /* LaunchScreen.storyboard */ = {
			isa = PBXVariantGroup;
			children = (
				2C9201D9215D5E3E0096E25A /* Base */,
			);
			name = LaunchScreen.storyboard;
			sourceTree = "<group>";
		};
/* End PBXVariantGroup section */

/* Begin XCBuildConfiguration section */
		2C9201DC215D5E3E0096E25A /* Debug */ = {
			isa = XCBuildConfiguration;
			buildSettings = {
				ALWAYS_SEARCH_USER_PATHS = NO;
				CLANG_ANALYZER_NONNULL = YES;
				CLANG_ANALYZER_NUMBER_OBJECT_CONVERSION = YES_AGGRESSIVE;
				CLANG_CXX_LANGUAGE_STANDARD = "gnu++14";
				CLANG_CXX_LIBRARY = "libc++";
				CLANG_ENABLE_MODULES = YES;
				CLANG_ENABLE_OBJC_ARC = YES;
				CLANG_ENABLE_OBJC_WEAK = YES;
				CLANG_WARN_BLOCK_CAPTURE_AUTORELEASING = YES;
				CLANG_WARN_BOOL_CONVERSION = YES;
				CLANG_WARN_COMMA = YES;
				CLANG_WARN_CONSTANT_CONVERSION = YES;
				CLANG_WARN_DEPRECATED_OBJC_IMPLEMENTATIONS = YES;
				CLANG_WARN_DIRECT_OBJC_ISA_USAGE = YES_ERROR;
				CLANG_WARN_DOCUMENTATION_COMMENTS = YES;
				CLANG_WARN_EMPTY_BODY = YES;
				CLANG_WARN_ENUM_CONVERSION = YES;
				CLANG_WARN_INFINITE_RECURSION = YES;
				CLANG_WARN_INT_CONVERSION = YES;
				CLANG_WARN_NON_LITERAL_NULL_CONVERSION = YES;
				CLANG_WARN_OBJC_IMPLICIT_RETAIN_SELF = YES;
				CLANG_WARN_OBJC_LITERAL_CONVERSION = YES;
				CLANG_WARN_OBJC_ROOT_CLASS = YES_ERROR;
				CLANG_WARN_RANGE_LOOP_ANALYSIS = YES;
				CLANG_WARN_STRICT_PROTOTYPES = YES;
				CLANG_WARN_SUSPICIOUS_MOVE = YES;
				CLANG_WARN_UNGUARDED_AVAILABILITY = YES_AGGRESSIVE;
				CLANG_WARN_UNREACHABLE_CODE = YES;
				CLANG_WARN__DUPLICATE_METHOD_MATCH = YES;
				CODE_SIGN_IDENTITY = "iPhone Developer";
				COPY_PHASE_STRIP = NO;
				DEBUG_INFORMATION_FORMAT = dwarf;
				ENABLE_STRICT_OBJC_MSGSEND = YES;
				ENABLE_TESTABILITY = YES;
				GCC_C_LANGUAGE_STANDARD = gnu11;
				GCC_DYNAMIC_NO_PIC = NO;
				GCC_NO_COMMON_BLOCKS = YES;
				GCC_OPTIMIZATION_LEVEL = 0;
				GCC_PREPROCESSOR_DEFINITIONS = (
					"DEBUG=1",
					"$(inherited)",
				);
				GCC_WARN_64_TO_32_BIT_CONVERSION = YES;
				GCC_WARN_ABOUT_RETURN_TYPE = YES_ERROR;
				GCC_WARN_UNDECLARED_SELECTOR = YES;
				GCC_WARN_UNINITIALIZED_AUTOS = YES_AGGRESSIVE;
				GCC_WARN_UNUSED_FUNCTION = YES;
				GCC_WARN_UNUSED_VARIABLE = YES;
				IPHONEOS_DEPLOYMENT_TARGET = 11.4;
				MTL_ENABLE_DEBUG_INFO = YES;
				ONLY_ACTIVE_ARCH = YES;
				SDKROOT = iphoneos;
				SWIFT_ACTIVE_COMPILATION_CONDITIONS = DEBUG;
				SWIFT_OPTIMIZATION_LEVEL = "-Onone";
			};
			name = Debug;
		};
		2C9201DD215D5E3E0096E25A /* Release */ = {
			isa = XCBuildConfiguration;
			buildSettings = {
				ALWAYS_SEARCH_USER_PATHS = NO;
				CLANG_ANALYZER_NONNULL = YES;
				CLANG_ANALYZER_NUMBER_OBJECT_CONVERSION = YES_AGGRESSIVE;
				CLANG_CXX_LANGUAGE_STANDARD = "gnu++14";
				CLANG_CXX_LIBRARY = "libc++";
				CLANG_ENABLE_MODULES = YES;
				CLANG_ENABLE_OBJC_ARC = YES;
				CLANG_ENABLE_OBJC_WEAK = YES;
				CLANG_WARN_BLOCK_CAPTURE_AUTORELEASING = YES;
				CLANG_WARN_BOOL_CONVERSION = YES;
				CLANG_WARN_COMMA = YES;
				CLANG_WARN_CONSTANT_CONVERSION = YES;
				CLANG_WARN_DEPRECATED_OBJC_IMPLEMENTATIONS = YES;
				CLANG_WARN_DIRECT_OBJC_ISA_USAGE = YES_ERROR;
				CLANG_WARN_DOCUMENTATION_COMMENTS = YES;
				CLANG_WARN_EMPTY_BODY = YES;
				CLANG_WARN_ENUM_CONVERSION = YES;
				CLANG_WARN_INFINITE_RECURSION = YES;
				CLANG_WARN_INT_CONVERSION = YES;
				CLANG_WARN_NON_LITERAL_NULL_CONVERSION = YES;
				CLANG_WARN_OBJC_IMPLICIT_RETAIN_SELF = YES;
				CLANG_WARN_OBJC_LITERAL_CONVERSION = YES;
				CLANG_WARN_OBJC_ROOT_CLASS = YES_ERROR;
				CLANG_WARN_RANGE_LOOP_ANALYSIS = YES;
				CLANG_WARN_STRICT_PROTOTYPES = YES;
				CLANG_WARN_SUSPICIOUS_MOVE = YES;
				CLANG_WARN_UNGUARDED_AVAILABILITY = YES_AGGRESSIVE;
				CLANG_WARN_UNREACHABLE_CODE = YES;
				CLANG_WARN__DUPLICATE_METHOD_MATCH = YES;
				CODE_SIGN_IDENTITY = "iPhone Developer";
				COPY_PHASE_STRIP = NO;
				DEBUG_INFORMATION_FORMAT = "dwarf-with-dsym";
				ENABLE_NS_ASSERTIONS = NO;
				ENABLE_STRICT_OBJC_MSGSEND = YES;
				GCC_C_LANGUAGE_STANDARD = gnu11;
				GCC_NO_COMMON_BLOCKS = YES;
				GCC_WARN_64_TO_32_BIT_CONVERSION = YES;
				GCC_WARN_ABOUT_RETURN_TYPE = YES_ERROR;
				GCC_WARN_UNDECLARED_SELECTOR = YES;
				GCC_WARN_UNINITIALIZED_AUTOS = YES_AGGRESSIVE;
				GCC_WARN_UNUSED_FUNCTION = YES;
				GCC_WARN_UNUSED_VARIABLE = YES;
				IPHONEOS_DEPLOYMENT_TARGET = 11.4;
				MTL_ENABLE_DEBUG_INFO = NO;
				SDKROOT = iphoneos;
				SWIFT_COMPILATION_MODE = wholemodule;
				SWIFT_OPTIMIZATION_LEVEL = "-O";
				VALIDATE_PRODUCT = YES;
			};
			name = Release;
		};
		2C9201DF215D5E3E0096E25A /* Debug */ = {
			isa = XCBuildConfiguration;
			buildSettings = {
				ASSETCATALOG_COMPILER_APPICON_NAME = AppIcon;
				CODE_SIGN_STYLE = Automatic;
				DEVELOPMENT_TEAM = 2BULHRS882;
				INFOPLIST_FILE = Calculator./Info.plist;
				LD_RUNPATH_SEARCH_PATHS = (
					"$(inherited)",
					"@executable_path/Frameworks",
				);
				PRODUCT_BUNDLE_IDENTIFIER = "ca.centennialcollege.Calculator-";
				PRODUCT_NAME = "$(TARGET_NAME)";
				SWIFT_VERSION = 4.0;
				TARGETED_DEVICE_FAMILY = "1,2";
			};
			name = Debug;
		};
		2C9201E0215D5E3E0096E25A /* Release */ = {
			isa = XCBuildConfiguration;
			buildSettings = {
				ASSETCATALOG_COMPILER_APPICON_NAME = AppIcon;
				CODE_SIGN_STYLE = Automatic;
				DEVELOPMENT_TEAM = 2BULHRS882;
				INFOPLIST_FILE = Calculator./Info.plist;
				LD_RUNPATH_SEARCH_PATHS = (
					"$(inherited)",
					"@executable_path/Frameworks",
				);
				PRODUCT_BUNDLE_IDENTIFIER = "ca.centennialcollege.Calculator-";
				PRODUCT_NAME = "$(TARGET_NAME)";
				SWIFT_VERSION = 4.0;
				TARGETED_DEVICE_FAMILY = "1,2";
			};
			name = Release;
		};
/* End XCBuildConfiguration section */

/* Begin XCConfigurationList section */
		2C9201C7215D5E3D0096E25A /* Build configuration list for PBXProject "Calculator." */ = {
			isa = XCConfigurationList;
			buildConfigurations = (
				2C9201DC215D5E3E0096E25A /* Debug */,
				2C9201DD215D5E3E0096E25A /* Release */,
			);
			defaultConfigurationIsVisible = 0;
			defaultConfigurationName = Release;
		};
		2C9201DE215D5E3E0096E25A /* Build configuration list for PBXNativeTarget "Calculator." */ = {
			isa = XCConfigurationList;
			buildConfigurations = (
				2C9201DF215D5E3E0096E25A /* Debug */,
				2C9201E0215D5E3E0096E25A /* Release */,
			);
			defaultConfigurationIsVisible = 0;
			defaultConfigurationName = Release;
		};
/* End XCConfigurationList section */
	};
	rootObject = 2C9201C4215D5E3D0096E25A /* Project object */;
}
